
Microsoft Visual Studio Solution File, Format Version 12.00
# Visual Studio Version 16
VisualStudioVersion = 16.0.30907.101
MinimumVisualStudioVersion = 10.0.40219.1
Project("{FAE04EC0-301F-11D3-BF4B-00C04F79EFBC}") = "TermProject", "TermProject\TermProject.csproj", "{C4EC300E-D061-40CE-B876-21FAC71E74C7}"
EndProject
Global
	GlobalSection(SolutionConfigurationPlatforms) = preSolution
		Debug|Any CPU = Debug|Any CPU
		Release|Any CPU = Release|Any CPU
	EndGlobalSection
	GlobalSection(ProjectConfigurationPlatforms) = postSolution
		{C4EC300E-D061-40CE-B876-21FAC71E74C7}.Debug|Any CPU.ActiveCfg = Debug|Any CPU
		{C4EC300E-D061-40CE-B876-21FAC71E74C7}.Debug|Any CPU.Build.0 = Debug|Any CPU
		{C4EC300E-D061-40CE-B876-21FAC71E74C7}.Release|Any CPU.ActiveCfg = Release|Any CPU
		{C4EC300E-D061-40CE-B876-21FAC71E74C7}.Release|Any CPU.Build.0 = Release|Any CPU
	EndGlobalSection
	GlobalSection(SolutionProperties) = preSolution
		HideSolutionNode = FALSE
	EndGlobalSection
	GlobalSection(ExtensibilityGlobals) = postSolution
		SolutionGuid = {F49D1022-FB4C-4FED-A8B4-C0D60A9A0C20}
	EndGlobalSection
EndGlobal
